PODS:
  - audioplayers (0.0.1):
    - Flutter
  - AVOSCloud (12.1.2)
  - AVOSCloudIM (12.1.2):
    - AVOSCloud (= 12.1.2)
    - AVOSCloudIM/_ARC (= 12.1.2)
    - AVOSCloudIM/_NOARC (= 12.1.2)
  - AVOSCloudIM/_ARC (12.1.2):
    - AVOSCloud (= 12.1.2)
    - AVOSCloudIM/_NOARC (= 12.1.2)
  - AVOSCloudIM/_NOARC (12.1.2):
    - AVOSCloud (= 12.1.2)
  - AVOSCloudLiveQuery (12.1.2):
    - AVOSCloud (= 12.1.2)
    - AVOSCloudIM (= 12.1.2)
  - Flutter (1.0.0)
  - flutter_lc_im (1.0.2):
    - AVOSCloud (= 12.1.2)
    - AVOSCloudIM (= 12.1.2)
    - AVOSCloudLiveQuery (= 12.1.2)
    - Flutter
  - flutter_plugin_android_lifecycle (0.0.1):
    - Flutter
  - flutter_plugin_record (0.0.1):
    - Flutter
  - image_picker (0.0.1):
    - Flutter
  - libwebp (1.1.0):
    - libwebp/demux (= 1.1.0)
    - libwebp/mux (= 1.1.0)
    - libwebp/webp (= 1.1.0)
  - libwebp/demux (1.1.0):
    - libwebp/webp
  - libwebp/mux (1.1.0):
    - libwebp/demux
  - libwebp/webp (1.1.0)
  - path_provider (0.0.1):
    - Flutter
  - path_provider_macos (0.0.1):
    - Flutter
  - shared_preferences (0.0.1):
    - Flutter
  - shared_preferences_macos (0.0.1):
    - Flutter
  - video_player (0.0.1):
    - Flutter
  - video_player_web (0.0.1):
    - Flutter
  - video_thumbnail (0.0.1):
    - Flutter
    - libwebp

DEPENDENCIES:
  - audioplayers (from `.symlinks/plugins/audioplayers/ios`)
  - Flutter (from `Flutter`)
  - flutter_lc_im (from `.symlinks/plugins/flutter_lc_im/ios`)
  - flutter_plugin_android_lifecycle (from `.symlinks/plugins/flutter_plugin_android_lifecycle/ios`)
  - flutter_plugin_record (from `.symlinks/plugins/flutter_plugin_record/ios`)
  - image_picker (from `.symlinks/plugins/image_picker/ios`)
  - path_provider (from `.symlinks/plugins/path_provider/ios`)
  - path_provider_macos (from `.symlinks/plugins/path_provider_macos/ios`)
  - shared_preferences (from `.symlinks/plugins/shared_preferences/ios`)
  - shared_preferences_macos (from `.symlinks/plugins/shared_preferences_macos/ios`)
  - video_player (from `.symlinks/plugins/video_player/ios`)
  - video_player_web (from `.symlinks/plugins/video_player_web/ios`)
  - video_thumbnail (from `.symlinks/plugins/video_thumbnail/ios`)

SPEC REPOS:
  https://github.com/cocoapods/specs.git:
    - AVOSCloud
    - AVOSCloudIM
    - AVOSCloudLiveQuery
    - libwebp

EXTERNAL SOURCES:
  audioplayers:
    :path: ".symlinks/plugins/audioplayers/ios"
  Flutter:
    :path: Flutter
  flutter_lc_im:
    :path: ".symlinks/plugins/flutter_lc_im/ios"
  flutter_plugin_android_lifecycle:
    :path: ".symlinks/plugins/flutter_plugin_android_lifecycle/ios"
  flutter_plugin_record:
    :path: ".symlinks/plugins/flutter_plugin_record/ios"
  image_picker:
    :path: ".symlinks/plugins/image_picker/ios"
  path_provider:
    :path: ".symlinks/plugins/path_provider/ios"
  path_provider_macos:
    :path: ".symlinks/plugins/path_provider_macos/ios"
  shared_preferences:
    :path: ".symlinks/plugins/shared_preferences/ios"
  shared_preferences_macos:
    :path: ".symlinks/plugins/shared_preferences_macos/ios"
  video_player:
    :path: ".symlinks/plugins/video_player/ios"
  video_player_web:
    :path: ".symlinks/plugins/video_player_web/ios"
  video_thumbnail:
    :path: ".symlinks/plugins/video_thumbnail/ios"

SPEC CHECKSUMS:
  audioplayers: 84f968cea3f2deab00ec4f8ff53358b3c0b3992c
  AVOSCloud: 2b7219f503cd0f14c64ee123768a0360ab7a335a
  AVOSCloudIM: bb2388cb4f1998faea99c3a5fbb482b5f18341c8
  AVOSCloudLiveQuery: 82a1d5fd0ce89145f75ecf7913eb56d9f5039a0f
  Flutter: 0e3d915762c693b495b44d77113d4970485de6ec
  flutter_lc_im: a60eb586da5fb1f6223cafb4b28e59f330036b1e
  flutter_plugin_android_lifecycle: 47de533a02850f070f5696a623995e93eddcdb9b
  flutter_plugin_record: 562ded56f3a109d769e72c3ef52ef20d835493d4
  image_picker: e3eacd46b94694dde7cf2705955cece853aa1a8f
  libwebp: 946cb3063cea9236285f7e9a8505d806d30e07f3
  path_provider: fb74bd0465e96b594bb3b5088ee4a4e7bb1f2a9d
  path_provider_macos: f760a3c5b04357c380e2fddb6f9db6f3015897e0
  shared_preferences: 430726339841afefe5142b9c1f50cb6bd7793e01
  shared_preferences_macos: f3f29b71ccbb56bf40c9dd6396c9acf15e214087
  video_player: 69c5f029fac4ffe4fc8a85ea7f7b793709661549
  video_player_web: da8cadb8274ed4f8dbee8d7171b420dedd437ce7
  video_thumbnail: c4e2a3c539e247d4de13cd545344fd2d26ffafd1

PODFILE CHECKSUM: 3dbe063e9c90a5d7c9e4e76e70a821b9e2c1d271

COCOAPODS: 1.7.5
